{
    "name": "test",
    "lockfileVersion": 2,
    "requires": true,
    "packages": {
        "": {
            "devDependencies": {
                "od": ".."
            }
        },
        "..": {
            "name": "od",
            "version": "1.0.0",
            "dev": true,
            "dependencies": {
                "copy-webpack-plugin": "11.0.0",
                "css-loader": "^6.7.1",
                "node-sass": "^7.0.1",
                "sass-loader": "^13.0.2",
                "style-loader": "^3.3.1",
                "webpack": "^5.74.0",
                "webpack-cli": "^4.10.0",
                "webpack-glsl-loader": "^1.0.1"
            },
            "devDependencies": {
                "glm-js": "^0.0.6-c",
                "wplug": "https://github.com/DanieleCapuano/wplug#master"
            }
        },
        "node_modules/od": {
            "resolved": "..",
            "link": true
        }
    },
    "dependencies": {
        "od": {
            "version": "file:..",
            "requires": {
                "copy-webpack-plugin": "11.0.0",
                "css-loader": "^6.7.1",
                "glm-js": "^0.0.6-c",
                "node-sass": "^7.0.1",
                "sass-loader": "^13.0.2",
                "style-loader": "^3.3.1",
                "webpack": "^5.74.0",
                "webpack-cli": "^4.10.0",
                "webpack-glsl-loader": "^1.0.1",
                "wplug": "https://github.com/DanieleCapuano/wplug#master"
            }
        }
    }
}
